#MicroXplorer Configuration settings - do not modify
ADC1.Channel-0\#ChannelRegularConversion=ADC_CHANNEL_1
ADC1.CommonPathInternal=null|null|null|null
ADC1.IPParameters=Rank-0\#ChannelRegularConversion,Channel-0\#ChannelRegularConversion,SamplingTime-0\#ChannelRegularConversion,OffsetNumber-0\#ChannelRegularConversion,NbrOfConversionFlag,master,CommonPathInternal
ADC1.NbrOfConversionFlag=1
ADC1.OffsetNumber-0\#ChannelRegularConversion=ADC_OFFSET_NONE
ADC1.Rank-0\#ChannelRegularConversion=1
ADC1.SamplingTime-0\#ChannelRegularConversion=ADC_SAMPLETIME_2CYCLES_5
ADC1.master=1
CAD.formats=
CAD.pinconfig=
CAD.provider=
File.Version=6
GPIO.groupedBy=Group By Peripherals
KeepUserPlacement=false
Mcu.CPN=STM32G491VET6
Mcu.Family=STM32G4
Mcu.IP0=ADC1
Mcu.IP1=I2C2
Mcu.IP10=TIM15
Mcu.IP11=TIM16
Mcu.IP12=TIM17
Mcu.IP13=TIM20
Mcu.IP14=USART1
Mcu.IP15=USART3
Mcu.IP16=USB
Mcu.IP2=NVIC
Mcu.IP3=RCC
Mcu.IP4=SPI1
Mcu.IP5=SYS
Mcu.IP6=TIM1
Mcu.IP7=TIM2
Mcu.IP8=TIM3
Mcu.IP9=TIM4
Mcu.IPNb=17
Mcu.Name=STM32G491V(C-E)Tx
Mcu.Package=LQFP100
Mcu.Pin0=PE2
Mcu.Pin1=PE3
Mcu.Pin10=PC0
Mcu.Pin11=PC1
Mcu.Pin12=PC2
Mcu.Pin13=PC3
Mcu.Pin14=PA0
Mcu.Pin15=PA1
Mcu.Pin16=PA4
Mcu.Pin17=PA5
Mcu.Pin18=PA6
Mcu.Pin19=PA7
Mcu.Pin2=PE4
Mcu.Pin20=PC4
Mcu.Pin21=PC5
Mcu.Pin22=PB0
Mcu.Pin23=PB1
Mcu.Pin24=PB2
Mcu.Pin25=PE7
Mcu.Pin26=PE8
Mcu.Pin27=PE9
Mcu.Pin28=PE10
Mcu.Pin29=PE11
Mcu.Pin3=PE5
Mcu.Pin30=PE12
Mcu.Pin31=PE13
Mcu.Pin32=PE14
Mcu.Pin33=PE15
Mcu.Pin34=PB10
Mcu.Pin35=PB12
Mcu.Pin36=PB13
Mcu.Pin37=PB14
Mcu.Pin38=PB15
Mcu.Pin39=PD8
Mcu.Pin4=PE6
Mcu.Pin40=PD9
Mcu.Pin41=PD10
Mcu.Pin42=PD11
Mcu.Pin43=PD12
Mcu.Pin44=PD13
Mcu.Pin45=PD14
Mcu.Pin46=PD15
Mcu.Pin47=PC6
Mcu.Pin48=PC7
Mcu.Pin49=PC8
Mcu.Pin5=PC13
Mcu.Pin50=PC9
Mcu.Pin51=PA8
Mcu.Pin52=PA9
Mcu.Pin53=PA11
Mcu.Pin54=PA12
Mcu.Pin55=PA13
Mcu.Pin56=PA14
Mcu.Pin57=PA15
Mcu.Pin58=PC10
Mcu.Pin59=PC11
Mcu.Pin6=PF9
Mcu.Pin60=PC12
Mcu.Pin61=PD0
Mcu.Pin62=PD1
Mcu.Pin63=PD2
Mcu.Pin64=PD3
Mcu.Pin65=PD4
Mcu.Pin66=PD6
Mcu.Pin67=PD7
Mcu.Pin68=PB4
Mcu.Pin69=PB5
Mcu.Pin7=PF10
Mcu.Pin70=PB6
Mcu.Pin71=PB7
Mcu.Pin72=PB8-BOOT0
Mcu.Pin73=PB9
Mcu.Pin74=PE0
Mcu.Pin75=PE1
Mcu.Pin76=VP_SYS_VS_Systick
Mcu.Pin77=VP_SYS_VS_DBSignals
Mcu.Pin78=VP_TIM16_VS_ClockSourceINT
Mcu.Pin79=VP_TIM17_VS_ClockSourceINT
Mcu.Pin8=PF0-OSC_IN
Mcu.Pin9=PF1-OSC_OUT
Mcu.PinsNb=80
Mcu.ThirdPartyNb=0
Mcu.UserConstants=
Mcu.UserName=STM32G491VETx
MxCube.Version=6.9.1
MxDb.Version=DB.6.0.91
NVIC.BusFault_IRQn=true\:0\:0\:false\:false\:true\:false\:false\:false
NVIC.DebugMonitor_IRQn=true\:0\:0\:false\:false\:true\:false\:false\:false
NVIC.ForceEnableDMAVector=true
NVIC.HardFault_IRQn=true\:0\:0\:false\:false\:true\:false\:false\:false
NVIC.MemoryManagement_IRQn=true\:0\:0\:false\:false\:true\:false\:false\:false
NVIC.NonMaskableInt_IRQn=true\:0\:0\:false\:false\:true\:false\:false\:false
NVIC.PendSV_IRQn=true\:0\:0\:false\:false\:true\:false\:false\:false
NVIC.PriorityGroup=NVIC_PRIORITYGROUP_4
NVIC.SVCall_IRQn=true\:0\:0\:false\:false\:true\:false\:false\:false
NVIC.SysTick_IRQn=true\:15\:0\:false\:false\:true\:false\:true\:false
NVIC.UsageFault_IRQn=true\:0\:0\:false\:false\:true\:false\:false\:false
PA0.GPIOParameters=GPIO_Label
PA0.GPIO_Label=ADC_KNIFECLAMP
PA0.Locked=true
PA0.Mode=IN1-Single-Ended
PA0.Signal=ADC1_IN1
PA1.GPIOParameters=GPIO_Label
PA1.GPIO_Label=ADC_PUMP
PA1.Locked=true
PA1.Mode=IN2-Single-Ended
PA1.Signal=ADC1_IN2
PA11.Locked=true
PA11.Mode=Device
PA11.Signal=USB_DM
PA12.Locked=true
PA12.Mode=Device
PA12.Signal=USB_DP
PA13.Locked=true
PA13.Mode=Serial_Wire
PA13.Signal=SYS_JTMS-SWDIO
PA14.Locked=true
PA14.Mode=Serial_Wire
PA14.Signal=SYS_JTCK-SWCLK
PA15.GPIOParameters=GPIO_Label
PA15.GPIO_Label=RAISE2_STEP
PA15.Locked=true
PA15.Signal=GPIO_Output
PA4.Locked=true
PA4.Mode=NSS_Signal_Hard_Input
PA4.Signal=SPI1_NSS
PA5.Locked=true
PA5.Mode=Full_Duplex_Master
PA5.Signal=SPI1_SCK
PA6.Locked=true
PA6.Mode=Full_Duplex_Master
PA6.Signal=SPI1_MISO
PA7.Locked=true
PA7.Mode=Full_Duplex_Master
PA7.Signal=SPI1_MOSI
PA8.Mode=I2C
PA8.Signal=I2C2_SDA
PA9.Mode=I2C
PA9.Signal=I2C2_SCL
PB0.GPIOParameters=GPIO_Label
PB0.GPIO_Label=LASER_SIG
PB0.Locked=true
PB0.Signal=GPIO_Output
PB1.GPIOParameters=GPIO_Label
PB1.GPIO_Label=GPIO_1
PB1.Locked=true
PB1.Signal=GPIO_Output
PB10.GPIOParameters=GPIO_Label
PB10.GPIO_Label=EXTRA_HALL
PB10.Locked=true
PB10.Signal=GPIO_Input
PB12.GPIOParameters=GPIO_Label
PB12.GPIO_Label=ROLL_ENC_B
PB12.Locked=true
PB12.Signal=GPIO_Input
PB13.GPIOParameters=GPIO_Label
PB13.GPIO_Label=ROLL_ENC_A
PB13.Locked=true
PB13.Signal=GPIO_Input
PB14.GPIOParameters=GPIO_Label
PB14.GPIO_Label=TENSION_ENC_B
PB14.Locked=true
PB14.Signal=GPIO_Input
PB15.GPIOParameters=GPIO_Label
PB15.GPIO_Label=TENSION_ENC_A
PB15.Locked=true
PB15.Signal=GPIO_Input
PB2.GPIOParameters=GPIO_Label
PB2.GPIO_Label=PWM_1
PB2.Locked=true
PB2.Mode=PWM Generation1 CH1
PB2.Signal=TIM20_CH1
PB4.GPIOParameters=GPIO_Label
PB4.GPIO_Label=SCLAMP1_M_IN_B
PB4.Locked=true
PB4.Signal=S_TIM16_CH1
PB5.GPIOParameters=GPIO_Label
PB5.GPIO_Label=SCLAMP1_M_IN_A
PB5.Locked=true
PB5.Signal=S_TIM17_CH1
PB6.GPIOParameters=GPIO_Label
PB6.GPIO_Label=TENSION_M_IN_B
PB6.Locked=true
PB6.Signal=S_TIM4_CH1
PB7.GPIOParameters=GPIO_Label
PB7.GPIO_Label=TENSION_M_IN_A
PB7.Locked=true
PB7.Signal=S_TIM4_CH2
PB8-BOOT0.GPIOParameters=GPIO_Label
PB8-BOOT0.GPIO_Label=ROLL_M_IN_B
PB8-BOOT0.Locked=true
PB8-BOOT0.Signal=S_TIM4_CH3
PB9.GPIOParameters=GPIO_Label
PB9.GPIO_Label=ROLL_M_IN_A
PB9.Locked=true
PB9.Signal=S_TIM4_CH4
PC0.GPIOParameters=GPIO_Label
PC0.GPIO_Label=ADC_TENSION
PC0.Locked=true
PC0.Mode=IN6-Single-Ended
PC0.Signal=ADC1_IN6
PC1.GPIOParameters=GPIO_Label
PC1.GPIO_Label=ADC_PITCH
PC1.Locked=true
PC1.Mode=IN7-Single-Ended
PC1.Signal=ADC1_IN7
PC10.GPIOParameters=GPIO_Label
PC10.GPIO_Label=RAISE2_DIR
PC10.Locked=true
PC10.Signal=GPIO_Output
PC11.GPIOParameters=GPIO_Label
PC11.GPIO_Label=RAISE2_NFAULT
PC11.Locked=true
PC11.Signal=GPIO_Input
PC12.GPIOParameters=GPIO_Label
PC12.GPIO_Label=BEVEL_DIR
PC12.Locked=true
PC12.Signal=GPIO_Output
PC13.GPIOParameters=GPIO_Label
PC13.GPIO_Label=RAISE1_NFAULT
PC13.Locked=true
PC13.Signal=GPIO_Input
PC2.GPIOParameters=GPIO_Label
PC2.GPIO_Label=YAW_M_IN_B
PC2.Locked=true
PC2.Signal=S_TIM1_CH3
PC3.GPIOParameters=GPIO_Label
PC3.GPIO_Label=YAW_M_IN_A
PC3.Locked=true
PC3.Signal=S_TIM1_CH4
PC4.Locked=true
PC4.Mode=Asynchronous
PC4.Signal=USART1_TX
PC5.Locked=true
PC5.Mode=Asynchronous
PC5.Signal=USART1_RX
PC6.GPIOParameters=GPIO_Label
PC6.GPIO_Label=PITCH_ENC_B
PC6.Locked=true
PC6.Signal=GPIO_Input
PC7.GPIOParameters=GPIO_Label
PC7.GPIO_Label=PITCH_ENC_A
PC7.Locked=true
PC7.Signal=GPIO_Input
PC8.GPIOParameters=GPIO_Label
PC8.GPIO_Label=SCLAMP1_ENC_B
PC8.Locked=true
PC8.Signal=GPIO_Input
PC9.GPIOParameters=GPIO_Label
PC9.GPIO_Label=SCLAMP1_ENC_A
PC9.Locked=true
PC9.Signal=GPIO_Input
PD0.GPIOParameters=GPIO_Label
PD0.GPIO_Label=BEVEL_STEP
PD0.Locked=true
PD0.Signal=GPIO_Input
PD1.GPIOParameters=GPIO_Label
PD1.GPIO_Label=UNDERPASS_DIR
PD1.Locked=true
PD1.Signal=GPIO_Output
PD10.GPIOParameters=GPIO_Label
PD10.GPIO_Label=KNIFECLAMP_ENC_B
PD10.Locked=true
PD10.Signal=GPIO_Input
PD11.GPIOParameters=GPIO_Label
PD11.GPIO_Label=KNIFECLAMP_ENC_A
PD11.Locked=true
PD11.Signal=GPIO_Input
PD12.GPIOParameters=GPIO_Label
PD12.GPIO_Label=YAW_ENC_B
PD12.Locked=true
PD12.Signal=GPIO_Input
PD13.GPIOParameters=GPIO_Label
PD13.GPIO_Label=YAW_ENC_A
PD13.Locked=true
PD13.Signal=GPIO_Input
PD14.GPIOParameters=GPIO_Label
PD14.GPIO_Label=SCLAMP2_ENC_B
PD14.Locked=true
PD14.Signal=GPIO_Input
PD15.GPIOParameters=GPIO_Label
PD15.GPIO_Label=SCLAMP2_ENC_A
PD15.Locked=true
PD15.Signal=GPIO_Input
PD2.GPIOParameters=GPIO_Label
PD2.GPIO_Label=UNDERPASS_STEP
PD2.Locked=true
PD2.Signal=GPIO_Output
PD3.GPIOParameters=GPIO_Label
PD3.GPIO_Label=PITCH_M_IN_B
PD3.Locked=true
PD3.Signal=S_TIM2_CH1
PD4.GPIOParameters=GPIO_Label
PD4.GPIO_Label=PITCH_M_IN_A
PD4.Locked=true
PD4.Signal=S_TIM2_CH2
PD6.GPIOParameters=GPIO_Label
PD6.GPIO_Label=SCLAMP2_M_IN_B
PD6.Locked=true
PD6.Signal=S_TIM2_CH4
PD7.GPIOParameters=GPIO_Label
PD7.GPIO_Label=SCLAMP2_M_IN_A
PD7.Locked=true
PD7.Signal=S_TIM2_CH3
PD8.Locked=true
PD8.Mode=Asynchronous
PD8.Signal=USART3_TX
PD9.Locked=true
PD9.Mode=Asynchronous
PD9.Signal=USART3_RX
PE0.GPIOParameters=GPIO_Label
PE0.GPIO_Label=SPOOL_STEP
PE0.Locked=true
PE0.Signal=GPIO_Output
PE1.GPIOParameters=GPIO_Label
PE1.GPIO_Label=SPOOL_DIR
PE1.Locked=true
PE1.Signal=GPIO_Output
PE10.GPIOParameters=GPIO_Label
PE10.GPIO_Label=KNIFECLAMP_LIMIT
PE10.Locked=true
PE10.Signal=GPIO_Input
PE11.GPIOParameters=GPIO_Label
PE11.GPIO_Label=BEVEL_LIMIT
PE11.Locked=true
PE11.Signal=GPIO_Input
PE12.GPIOParameters=GPIO_Label
PE12.GPIO_Label=EXTRA_LIMIT
PE12.Locked=true
PE12.Signal=GPIO_Input
PE13.GPIOParameters=GPIO_Label
PE13.GPIO_Label=PITCH_HALL
PE13.Locked=true
PE13.Signal=GPIO_Input
PE14.GPIOParameters=GPIO_Label
PE14.GPIO_Label=ROLL_HALL
PE14.Locked=true
PE14.Signal=GPIO_Input
PE15.GPIOParameters=GPIO_Label
PE15.GPIO_Label=YAW_HALL
PE15.Locked=true
PE15.Signal=GPIO_Input
PE2.GPIOParameters=GPIO_Label
PE2.GPIO_Label=FAN2_GPIO
PE2.Locked=true
PE2.Signal=S_TIM3_CH1
PE3.GPIOParameters=GPIO_Label
PE3.GPIO_Label=FAN1_GPIO
PE3.Locked=true
PE3.Signal=S_TIM3_CH2
PE4.GPIOParameters=GPIO_Label
PE4.GPIO_Label=PUMP_M_IN
PE4.Locked=true
PE4.Signal=S_TIM3_CH3
PE5.GPIOParameters=GPIO_Label
PE5.GPIO_Label=RAISE1_STEP
PE5.Locked=true
PE5.Signal=GPIO_Output
PE6.GPIOParameters=GPIO_Label
PE6.GPIO_Label=RAISE1_DIR
PE6.Locked=true
PE6.Signal=GPIO_Output
PE7.GPIOParameters=GPIO_Label
PE7.GPIO_Label=LOAD_CELL_OUT
PE7.Locked=true
PE7.Signal=GPIO_Input
PE8.GPIOParameters=GPIO_Label
PE8.GPIO_Label=LOAD_CELL_SCLK
PE8.Locked=true
PE8.Signal=GPIO_Output
PE9.GPIOParameters=GPIO_Label
PE9.GPIO_Label=UNDERPASS_LIMIT
PE9.Locked=true
PE9.Signal=GPIO_Input
PF0-OSC_IN.Locked=true
PF0-OSC_IN.Mode=HSE-External-Oscillator
PF0-OSC_IN.Signal=RCC_OSC_IN
PF1-OSC_OUT.Locked=true
PF1-OSC_OUT.Mode=HSE-External-Oscillator
PF1-OSC_OUT.Signal=RCC_OSC_OUT
PF10.GPIOParameters=GPIO_Label
PF10.GPIO_Label=KNIFECLAMP_M_IN_A
PF10.Locked=true
PF10.Signal=S_TIM15_CH2
PF9.GPIOParameters=GPIO_Label
PF9.GPIO_Label=KNIFECLAMP_M_IN_B
PF9.Locked=true
PF9.Signal=S_TIM15_CH1
PinOutPanel.RotationAngle=0
ProjectManager.AskForMigrate=true
ProjectManager.BackupPrevious=false
ProjectManager.CompilerLinker=GCC
ProjectManager.CompilerOptimize=6
ProjectManager.ComputerToolchain=false
ProjectManager.CoupleFile=false
ProjectManager.CustomerFirmwarePackage=
ProjectManager.DefaultFWLocation=true
ProjectManager.DeletePrevious=true
ProjectManager.DeviceId=STM32G491VETx
ProjectManager.FirmwarePackage=STM32Cube FW_G4 V1.5.2
ProjectManager.FreePins=false
ProjectManager.FreePinsContext=
ProjectManager.HalAssertFull=false
ProjectManager.HeapSize=0x200
ProjectManager.KeepUserCode=true
ProjectManager.LastFirmware=true
ProjectManager.LibraryCopy=1
ProjectManager.MainLocation=Core/Src
ProjectManager.NoMain=false
ProjectManager.PreviousToolchain=
ProjectManager.ProjectBuild=false
ProjectManager.ProjectFileName=fydp_control_board2.ioc
ProjectManager.ProjectName=fydp_control_board2
ProjectManager.ProjectStructure=
ProjectManager.RegisterCallBack=
ProjectManager.StackSize=0x400
ProjectManager.TargetToolchain=CMake
ProjectManager.ToolChainLocation=
ProjectManager.UAScriptAfterPath=
ProjectManager.UAScriptBeforePath=
ProjectManager.UnderRoot=false
ProjectManager.functionlistsort=1-SystemClock_Config-RCC-false-HAL-false,2-MX_GPIO_Init-GPIO-false-HAL-true,3-MX_SPI1_Init-SPI1-false-HAL-true,4-MX_USB_PCD_Init-USB-false-HAL-true,5-MX_TIM1_Init-TIM1-false-HAL-true,6-MX_TIM2_Init-TIM2-false-HAL-true,7-MX_TIM3_Init-TIM3-false-HAL-true,8-MX_TIM4_Init-TIM4-false-HAL-true,9-MX_TIM15_Init-TIM15-false-HAL-true,10-MX_TIM16_Init-TIM16-false-HAL-true,11-MX_TIM17_Init-TIM17-false-HAL-true,12-MX_TIM20_Init-TIM20-false-HAL-true,13-MX_USART1_UART_Init-USART1-false-HAL-true,14-MX_ADC1_Init-ADC1-false-HAL-true,15-MX_I2C2_Init-I2C2-false-HAL-true,16-MX_USART3_UART_Init-USART3-false-HAL-true
RCC.AHBFreq_Value=16000000
RCC.APB1Freq_Value=16000000
RCC.APB1TimFreq_Value=16000000
RCC.APB2Freq_Value=16000000
RCC.APB2TimFreq_Value=16000000
RCC.CRSFreq_Value=48000000
RCC.CortexFreq_Value=16000000
RCC.EXTERNAL_CLOCK_VALUE=12288000
RCC.FCLKCortexFreq_Value=16000000
RCC.FDCANFreq_Value=16000000
RCC.FamilyName=M
RCC.HCLKFreq_Value=16000000
RCC.HRTIM1Freq_Value=16000000
RCC.HSE_VALUE=8000000
RCC.HSI48_VALUE=48000000
RCC.HSI_VALUE=16000000
RCC.I2C1Freq_Value=16000000
RCC.I2C2Freq_Value=16000000
RCC.I2C3Freq_Value=16000000
RCC.I2SFreq_Value=16000000
RCC.IPParameters=AHBFreq_Value,APB1Freq_Value,APB1TimFreq_Value,APB2Freq_Value,APB2TimFreq_Value,CRSFreq_Value,CortexFreq_Value,EXTERNAL_CLOCK_VALUE,FCLKCortexFreq_Value,FDCANFreq_Value,FamilyName,HCLKFreq_Value,HRTIM1Freq_Value,HSE_VALUE,HSI48_VALUE,HSI_VALUE,I2C1Freq_Value,I2C2Freq_Value,I2C3Freq_Value,I2SFreq_Value,LPTIM1Freq_Value,LPUART1Freq_Value,LSCOPinFreq_Value,LSE_VALUE,LSI_VALUE,MCO1PinFreq_Value,PLLPoutputFreq_Value,PLLQoutputFreq_Value,PLLRCLKFreq_Value,PWRFreq_Value,QSPIFreq_Value,RNGFreq_Value,SAI1Freq_Value,SYSCLKFreq_VALUE,UART4Freq_Value,UART5Freq_Value,USART1Freq_Value,USART2Freq_Value,USART3Freq_Value,USBFreq_Value,VCOInputFreq_Value,VCOOutputFreq_Value
RCC.LPTIM1Freq_Value=16000000
RCC.LPUART1Freq_Value=16000000
RCC.LSCOPinFreq_Value=32000
RCC.LSE_VALUE=32768
RCC.LSI_VALUE=32000
RCC.MCO1PinFreq_Value=16000000
RCC.PLLPoutputFreq_Value=64000000
RCC.PLLQoutputFreq_Value=64000000
RCC.PLLRCLKFreq_Value=64000000
RCC.PWRFreq_Value=16000000
RCC.QSPIFreq_Value=16000000
RCC.RNGFreq_Value=48000000
RCC.SAI1Freq_Value=16000000
RCC.SYSCLKFreq_VALUE=16000000
RCC.UART4Freq_Value=16000000
RCC.UART5Freq_Value=16000000
RCC.USART1Freq_Value=16000000
RCC.USART2Freq_Value=16000000
RCC.USART3Freq_Value=16000000
RCC.USBFreq_Value=48000000
RCC.VCOInputFreq_Value=16000000
RCC.VCOOutputFreq_Value=128000000
SH.S_TIM15_CH1.0=TIM15_CH1,PWM Generation1 CH1
SH.S_TIM15_CH1.ConfNb=1
SH.S_TIM15_CH2.0=TIM15_CH2,PWM Generation2 CH2
SH.S_TIM15_CH2.ConfNb=1
SH.S_TIM16_CH1.0=TIM16_CH1,PWM Generation1 CH1
SH.S_TIM16_CH1.ConfNb=1
SH.S_TIM17_CH1.0=TIM17_CH1,PWM Generation1 CH1
SH.S_TIM17_CH1.ConfNb=1
SH.S_TIM1_CH3.0=TIM1_CH3,Output Compare3 CH3
SH.S_TIM1_CH3.ConfNb=1
SH.S_TIM1_CH4.0=TIM1_CH4,PWM Generation4 CH4
SH.S_TIM1_CH4.ConfNb=1
SH.S_TIM2_CH1.0=TIM2_CH1,PWM Generation1 CH1
SH.S_TIM2_CH1.ConfNb=1
SH.S_TIM2_CH2.0=TIM2_CH2,Output Compare2 CH2
SH.S_TIM2_CH2.ConfNb=1
SH.S_TIM2_CH3.0=TIM2_CH3,PWM Generation3 CH3
SH.S_TIM2_CH3.ConfNb=1
SH.S_TIM2_CH4.0=TIM2_CH4,PWM Generation4 CH4
SH.S_TIM2_CH4.ConfNb=1
SH.S_TIM3_CH1.0=TIM3_CH1,PWM Generation1 CH1
SH.S_TIM3_CH1.ConfNb=1
SH.S_TIM3_CH2.0=TIM3_CH2,PWM Generation2 CH2
SH.S_TIM3_CH2.ConfNb=1
SH.S_TIM3_CH3.0=TIM3_CH3,PWM Generation3 CH3
SH.S_TIM3_CH3.ConfNb=1
SH.S_TIM4_CH1.0=TIM4_CH1,PWM Generation1 CH1
SH.S_TIM4_CH1.ConfNb=1
SH.S_TIM4_CH2.0=TIM4_CH2,PWM Generation2 CH2
SH.S_TIM4_CH2.ConfNb=1
SH.S_TIM4_CH3.0=TIM4_CH3,PWM Generation3 CH3
SH.S_TIM4_CH3.ConfNb=1
SH.S_TIM4_CH4.0=TIM4_CH4,PWM Generation4 CH4
SH.S_TIM4_CH4.ConfNb=1
SPI1.CalculateBaudRate=8.0 MBits/s
SPI1.Direction=SPI_DIRECTION_2LINES
SPI1.IPParameters=VirtualType,Mode,Direction,CalculateBaudRate,VirtualNSS
SPI1.Mode=SPI_MODE_MASTER
SPI1.VirtualNSS=VM_NSSHARD
SPI1.VirtualType=VM_MASTER
TIM1.Channel-Output\ Compare3\ CH3=TIM_CHANNEL_3
TIM1.Channel-PWM\ Generation4\ CH4=TIM_CHANNEL_4
TIM1.IPParameters=Channel-Output Compare3 CH3,Channel-PWM Generation4 CH4
TIM15.Channel-PWM\ Generation1\ CH1=TIM_CHANNEL_1
TIM15.Channel-PWM\ Generation2\ CH2=TIM_CHANNEL_2
TIM15.IPParameters=Channel-PWM Generation1 CH1,Channel-PWM Generation2 CH2
TIM16.Channel=TIM_CHANNEL_1
TIM16.IPParameters=Channel
TIM17.Channel=TIM_CHANNEL_1
TIM17.IPParameters=Channel
TIM2.Channel-Output\ Compare2\ CH2=TIM_CHANNEL_2
TIM2.Channel-PWM\ Generation1\ CH1=TIM_CHANNEL_1
TIM2.Channel-PWM\ Generation3\ CH3=TIM_CHANNEL_3
TIM2.Channel-PWM\ Generation4\ CH4=TIM_CHANNEL_4
TIM2.IPParameters=Channel-PWM Generation1 CH1,Channel-Output Compare2 CH2,Channel-PWM Generation3 CH3,Channel-PWM Generation4 CH4
TIM20.Channel-PWM\ Generation1\ CH1=TIM_CHANNEL_1
TIM20.IPParameters=Channel-PWM Generation1 CH1
TIM3.Channel-PWM\ Generation1\ CH1=TIM_CHANNEL_1
TIM3.Channel-PWM\ Generation2\ CH2=TIM_CHANNEL_2
TIM3.Channel-PWM\ Generation3\ CH3=TIM_CHANNEL_3
TIM3.IPParameters=Channel-PWM Generation1 CH1,Channel-PWM Generation2 CH2,Channel-PWM Generation3 CH3
TIM4.Channel-PWM\ Generation1\ CH1=TIM_CHANNEL_1
TIM4.Channel-PWM\ Generation2\ CH2=TIM_CHANNEL_2
TIM4.Channel-PWM\ Generation3\ CH3=TIM_CHANNEL_3
TIM4.Channel-PWM\ Generation4\ CH4=TIM_CHANNEL_4
TIM4.IPParameters=Channel-PWM Generation1 CH1,Channel-PWM Generation2 CH2,Channel-PWM Generation3 CH3,Channel-PWM Generation4 CH4
USART1.IPParameters=VirtualMode-Asynchronous
USART1.VirtualMode-Asynchronous=VM_ASYNC
USART3.IPParameters=VirtualMode-Asynchronous
USART3.VirtualMode-Asynchronous=VM_ASYNC
VP_SYS_VS_DBSignals.Mode=DisableDeadBatterySignals
VP_SYS_VS_DBSignals.Signal=SYS_VS_DBSignals
VP_SYS_VS_Systick.Mode=SysTick
VP_SYS_VS_Systick.Signal=SYS_VS_Systick
VP_TIM16_VS_ClockSourceINT.Mode=Enable_Timer
VP_TIM16_VS_ClockSourceINT.Signal=TIM16_VS_ClockSourceINT
VP_TIM17_VS_ClockSourceINT.Mode=Enable_Timer
VP_TIM17_VS_ClockSourceINT.Signal=TIM17_VS_ClockSourceINT
board=custom
